{
  "name": "ssh-tui",
  "lockfileVersion": 3,
  "requires": true,
  "packages": {
    "": {
      "dependencies": {
        "sshub-tui": "^0.10.0"
      }
    },
    "node_modules/sshub-darwin-arm64": {
      "version": "0.10.0",
      "resolved": "https://registry.npmjs.org/sshub-darwin-arm64/-/sshub-darwin-arm64-0.10.0.tgz",
      "integrity": "sha512-wf17sCEGwvBSBgUyq6HghGF209+/4KzJYYKY99W648NvDpE2J4IbjkEr6xaiZtEwfe5IPSkpPY7jOngtbTO6vQ==",
      "cpu": [
        "arm64"
      ],
      "license": "AGPL-3.0-or-later",
      "optional": true,
      "os": [
        "darwin"
      ]
    },
    "node_modules/sshub-darwin-x64": {
      "version": "0.10.0",
      "resolved": "https://registry.npmjs.org/sshub-darwin-x64/-/sshub-darwin-x64-0.10.0.tgz",
      "integrity": "sha512-kDeh6mZ3sqQSgKxOz90vsjKTxaFZEklT9ba2wr6lT9ekPpWW3WfNnW6wg0ahXPxYq4VZavLSud1MG7D/MyxnCg==",
      "cpu": [
        "x64"
      ],
      "license": "AGPL-3.0-or-later",
      "optional": true,
      "os": [
        "darwin"
      ]
    },
    "node_modules/sshub-linux-x64": {
      "version": "0.10.0",
      "resolved": "https://registry.npmjs.org/sshub-linux-x64/-/sshub-linux-x64-0.10.0.tgz",
      "integrity": "sha512-w7qh504cEmV7CZhgfaZADU/sxxXp881RxynX8fuzzyaJJvQEgJsymt1L3UOOVZiCf00l+9AZ9eqDVv2wHBciSg==",
      "cpu": [
        "x64"
      ],
      "license": "AGPL-3.0-or-later",
      "optional": true,
      "os": [
        "linux"
      ]
    },
    "node_modules/sshub-tui": {
      "version": "0.10.0",
      "resolved": "https://registry.npmjs.org/sshub-tui/-/sshub-tui-0.10.0.tgz",
      "integrity": "sha512-95eG/V1Cvd1y9xe22mGnvf8y3cyn0nJBJ3mODXrZT51HXNha5CXmp9NJZT12vQ45IeZq4ZerlGZ+01FNz+RjaA==",
      "license": "AGPL-3.0-or-later",
      "os": [
        "linux",
        "darwin"
      ],
      "bin": {
        "sshub": "bin/sshub.js"
      },
      "engines": {
        "node": ">=18"
      },
      "optionalDependencies": {
        "sshub-darwin-arm64": "0.10.0",
        "sshub-darwin-x64": "0.10.0",
        "sshub-linux-x64": "0.10.0"
      }
    }
  }
}
